
Microsoft Visual Studio Solution File, Format Version 12.00
# Visual Studio Version 17
VisualStudioVersion = 17.3.32929.385
MinimumVisualStudioVersion = 10.0.40219.1
Project("{FAE04EC0-301F-11D3-BF4B-00C04F79EFBC}") = "Validation dates vancances solaires", "Validation dates vancances solaires\Validation dates vancances solaires.csproj", "{118ADDE0-BFE9-4968-9ACA-CE727D35949E}"
EndProject
Global
	GlobalSection(SolutionConfigurationPlatforms) = preSolution
		Debug|Any CPU = Debug|Any CPU
		Release|Any CPU = Release|Any CPU
	EndGlobalSection
	GlobalSection(ProjectConfigurationPlatforms) = postSolution
		{118ADDE0-BFE9-4968-9ACA-CE727D35949E}.Debug|Any CPU.ActiveCfg = Debug|Any CPU
		{118ADDE0-BFE9-4968-9ACA-CE727D35949E}.Debug|Any CPU.Build.0 = Debug|Any CPU
		{118ADDE0-BFE9-4968-9ACA-CE727D35949E}.Release|Any CPU.ActiveCfg = Release|Any CPU
		{118ADDE0-BFE9-4968-9ACA-CE727D35949E}.Release|Any CPU.Build.0 = Release|Any CPU
	EndGlobalSection
	GlobalSection(SolutionProperties) = preSolution
		HideSolutionNode = FALSE
	EndGlobalSection
	GlobalSection(ExtensibilityGlobals) = postSolution
		SolutionGuid = {61101607-482C-408E-940B-89147E75FFCF}
	EndGlobalSection
EndGlobal
